// !$*UTF8*$!
{
	archiveVersion = 1;
	classes = {
	};
	objectVersion = 50;
	objects = {

/* Begin PBXBuildFile section */
		C269E2AE214B0D9A003AFDF7 /* AppDelegate.swift in Sources */ = {isa = PBXBuildFile; fileRef = C269E2AD214B0D9A003AFDF7 /* AppDelegate.swift */; };
		C269E2B0214B0D9A003AFDF7 /* ViewController.swift in Sources */ = {isa = PBXBuildFile; fileRef = C269E2AF214B0D9A003AFDF7 /* ViewController.swift */; };
		C269E2B3214B0D9A003AFDF7 /* Main.storyboard in Resources */ = {isa = PBXBuildFile; fileRef = C269E2B1214B0D9A003AFDF7 /* Main.storyboard */; };
		C269E2B5214B0DB8003AFDF7 /* Assets.xcassets in Resources */ = {isa = PBXBuildFile; fileRef = C269E2B4214B0DB8003AFDF7 /* Assets.xcassets */; };
		C269E2B8214B0DB8003AFDF7 /* LaunchScreen.storyboard in Resources */ = {isa = PBXBuildFile; fileRef = C269E2B6214B0DB8003AFDF7 /* LaunchScreen.storyboard */; };
		C269E2C1214B13AE003AFDF7 /* User.m in Sources */ = {isa = PBXBuildFile; fileRef = C269E2C0214B13AE003AFDF7 /* User.m */; };
/* End PBXBuildFile section */

/* Begin PBXFileReference section */
		C269E2AA214B0D9A003AFDF7 /* SwiftObjc.app */ = {isa = PBXFileReference; explicitFileType = wrapper.application; includeInIndex = 0; path = SwiftObjc.app; sourceTree = BUILT_PRODUCTS_DIR; };
		C269E2AD214B0D9A003AFDF7 /* AppDelegate.swift */ = {isa = PBXFileReference; lastKnownFileType = sourcecode.swift; path = AppDelegate.swift; sourceTree = "<group>"; };
		C269E2AF214B0D9A003AFDF7 /* ViewController.swift */ = {isa = PBXFileReference; lastKnownFileType = sourcecode.swift; path = ViewController.swift; sourceTree = "<group>"; };
		C269E2B2214B0D9A003AFDF7 /* Base */ = {isa = PBXFileReference; lastKnownFileType = file.storyboard; name = Base; path = Base.lproj/Main.storyboard; sourceTree = "<group>"; };
		C269E2B4214B0DB8003AFDF7 /* Assets.xcassets */ = {isa = PBXFileReference; lastKnownFileType = folder.assetcatalog; path = Assets.xcassets; sourceTree = "<group>"; };
		C269E2B7214B0DB8003AFDF7 /* Base */ = {isa = PBXFileReference; lastKnownFileType = file.storyboard; name = Base; path = Base.lproj/LaunchScreen.storyboard; sourceTree = "<group>"; };
		C269E2B9214B0DB8003AFDF7 /* Info.plist */ = {isa = PBXFileReference; lastKnownFileType = text.plist.xml; path = Info.plist; sourceTree = "<group>"; };
		C269E2BF214B13AD003AFDF7 /* SwiftObjc-Bridging-Header.h */ = {isa = PBXFileReference; lastKnownFileType = sourcecode.c.h; path = "SwiftObjc-Bridging-Header.h"; sourceTree = "<group>"; };
		C269E2C0214B13AE003AFDF7 /* User.m */ = {isa = PBXFileReference; lastKnownFileType = sourcecode.c.objc; path = User.m; sourceTree = "<group>"; };
		C269E2C2214B16F4003AFDF7 /* User.h */ = {isa = PBXFileReference; lastKnownFileType = sourcecode.c.h; path = User.h; sourceTree = "<group>"; };
/* End PBXFileReference section */

/* Begin PBXFrameworksBuildPhase section */
		C269E2A7214B0D9A003AFDF7 /* Frameworks */ = {
			isa = PBXFrameworksBuildPhase;
			buildActionMask = 2147483647;
			files = (
			);
			runOnlyForDeploymentPostprocessing = 0;
		};
/* End PBXFrameworksBuildPhase section */

/* Begin PBXGroup section */
		C269E2A1214B0D99003AFDF7 = {
			isa = PBXGroup;
			children = (
				C269E2AC214B0D9A003AFDF7 /* SwiftObjc */,
				C269E2AB214B0D9A003AFDF7 /* Products */,
			);
			sourceTree = "<group>";
		};
		C269E2AB214B0D9A003AFDF7 /* Products */ = {
			isa = PBXGroup;
			children = (
				C269E2AA214B0D9A003AFDF7 /* SwiftObjc.app */,
			);
			name = Products;
			sourceTree = "<group>";
		};
		C269E2AC214B0D9A003AFDF7 /* SwiftObjc */ = {
			isa = PBXGroup;
			children = (
				C269E2AD214B0D9A003AFDF7 /* AppDelegate.swift */,
				C269E2AF214B0D9A003AFDF7 /* ViewController.swift */,
				C269E2C0214B13AE003AFDF7 /* User.m */,
				C269E2C2214B16F4003AFDF7 /* User.h */,
				C269E2B1214B0D9A003AFDF7 /* Main.storyboard */,
				C269E2B4214B0DB8003AFDF7 /* Assets.xcassets */,
				C269E2B6214B0DB8003AFDF7 /* LaunchScreen.storyboard */,
				C269E2B9214B0DB8003AFDF7 /* Info.plist */,
				C269E2BF214B13AD003AFDF7 /* SwiftObjc-Bridging-Header.h */,
			);
			path = SwiftObjc;
			sourceTree = "<group>";
		};
/* End PBXGroup section */

/* Begin PBXNativeTarget section */
		C269E2A9214B0D9A003AFDF7 /* SwiftObjc */ = {
			isa = PBXNativeTarget;
			buildConfigurationList = C269E2BC214B0DB9003AFDF7 /* Build configuration list for PBXNativeTarget "SwiftObjc" */;
			buildPhases = (
				C269E2A6214B0D9A003AFDF7 /* Sources */,
				C269E2A7214B0D9A003AFDF7 /* Frameworks */,
				C269E2A8214B0D9A003AFDF7 /* Resources */,
			);
			buildRules = (
			);
			dependencies = (
			);
			name = SwiftObjc;
			productName = SwiftObjc;
			productReference = C269E2AA214B0D9A003AFDF7 /* SwiftObjc.app */;
			productType = "com.apple.product-type.application";
		};
/* End PBXNativeTarget section */

/* Begin PBXProject section */
		C269E2A2214B0D99003AFDF7 /* Project object */ = {
			isa = PBXProject;
			attributes = {
				LastSwiftUpdateCheck = 0940;
				LastUpgradeCheck = 0940;
				ORGANIZATIONNAME = "Geraldo Bastos";
				TargetAttributes = {
					C269E2A9214B0D9A003AFDF7 = {
						CreatedOnToolsVersion = 9.4.1;
						LastSwiftMigration = 0940;
					};
				};
			};
			buildConfigurationList = C269E2A5214B0D9A003AFDF7 /* Build configuration list for PBXProject "SwiftObjc" */;
			compatibilityVersion = "Xcode 9.3";
			developmentRegion = en;
			hasScannedForEncodings = 0;
			knownRegions = (
				en,
				Base,
			);
			mainGroup = C269E2A1214B0D99003AFDF7;
			productRefGroup = C269E2AB214B0D9A003AFDF7 /* Products */;
			projectDirPath = "";
			projectRoot = "";
			targets = (
				C269E2A9214B0D9A003AFDF7 /* SwiftObjc */,
			);
		};
/* End PBXProject section */

/* Begin PBXResourcesBuildPhase section */
		C269E2A8214B0D9A003AFDF7 /* Resources */ = {
			isa = PBXResourcesBuildPhase;
			buildActionMask = 2147483647;
			files = (
				C269E2B8214B0DB8003AFDF7 /* LaunchScreen.storyboard in Resources */,
				C269E2B5214B0DB8003AFDF7 /* Assets.xcassets in Resources */,
				C269E2B3214B0D9A003AFDF7 /* Main.storyboard in Resources */,
			);
			runOnlyForDeploymentPostprocessing = 0;
		};
/* End PBXResourcesBuildPhase section */

/* Begin PBXSourcesBuildPhase section */
		C269E2A6214B0D9A003AFDF7 /* Sources */ = {
			isa = PBXSourcesBuildPhase;
			buildActionMask = 2147483647;
			files = (
				C269E2B0214B0D9A003AFDF7 /* ViewController.swift in Sources */,
				C269E2AE214B0D9A003AFDF7 /* AppDelegate.swift in Sources */,
				C269E2C1214B13AE003AFDF7 /* User.m in Sources */,
			);
			runOnlyForDeploymentPostprocessing = 0;
		};
/* End PBXSourcesBuildPhase section */

/* Begin PBXVariantGroup section */
		C269E2B1214B0D9A003AFDF7 /* Main.storyboard */ = {
			isa = PBXVariantGroup;
			children = (
				C269E2B2214B0D9A003AFDF7 /* Base */,
			);
			name = Main.storyboard;
			sourceTree = "<group>";
		};
		C269E2B6214B0DB8003AFDF7 /* LaunchScreen.storyboard */ = {
			isa = PBXVariantGroup;
			children = (
				C269E2B7214B0DB8003AFDF7 /* Base */,
			);
			name = LaunchScreen.storyboard;
			sourceTree = "<group>";
		};
/* End PBXVariantGroup section */

/* Begin XCBuildConfiguration section */
		C269E2BA214B0DB8003AFDF7 /* Debug */ = {
			isa = XCBuildConfiguration;
			buildSettings = {
				ALWAYS_SEARCH_USER_PATHS = NO;
				CLANG_ANALYZER_NONNULL = YES;
				CLANG_ANALYZER_NUMBER_OBJECT_CONVERSION = YES_AGGRESSIVE;
				CLANG_CXX_LANGUAGE_STANDARD = "gnu++14";
				CLANG_CXX_LIBRARY = "libc++";
				CLANG_ENABLE_MODULES = YES;
				CLANG_ENABLE_OBJC_ARC = YES;
				CLANG_ENABLE_OBJC_WEAK = YES;
				CLANG_WARN_BLOCK_CAPTURE_AUTORELEASING = YES;
				CLANG_WARN_BOOL_CONVERSION = YES;
				CLANG_WARN_COMMA = YES;
				CLANG_WARN_CONSTANT_CONVERSION = YES;
				CLANG_WARN_DEPRECATED_OBJC_IMPLEMENTATIONS = YES;
				CLANG_WARN_DIRECT_OBJC_ISA_USAGE = YES_ERROR;
				CLANG_WARN_DOCUMENTATION_COMMENTS = YES;
				CLANG_WARN_EMPTY_BODY = YES;
				CLANG_WARN_ENUM_CONVERSION = YES;
				CLANG_WARN_INFINITE_RECURSION = YES;
				CLANG_WARN_INT_CONVERSION = YES;
				CLANG_WARN_NON_LITERAL_NULL_CONVERSION = YES;
				CLANG_WARN_OBJC_IMPLICIT_RETAIN_SELF = YES;
				CLANG_WARN_OBJC_LITERAL_CONVERSION = YES;
				CLANG_WARN_OBJC_ROOT_CLASS = YES_ERROR;
				CLANG_WARN_RANGE_LOOP_ANALYSIS = YES;
				CLANG_WARN_STRICT_PROTOTYPES = YES;
				CLANG_WARN_SUSPICIOUS_MOVE = YES;
				CLANG_WARN_UNGUARDED_AVAILABILITY = YES_AGGRESSIVE;
				CLANG_WARN_UNREACHABLE_CODE = YES;
				CLANG_WARN__DUPLICATE_METHOD_MATCH = YES;
				CODE_SIGN_IDENTITY = "iPhone Developer";
				COPY_PHASE_STRIP = NO;
				DEBUG_INFORMATION_FORMAT = dwarf;
				ENABLE_STRICT_OBJC_MSGSEND = YES;
				ENABLE_TESTABILITY = YES;
				GCC_C_LANGUAGE_STANDARD = gnu11;
				GCC_DYNAMIC_NO_PIC = NO;
				GCC_NO_COMMON_BLOCKS = YES;
				GCC_OPTIMIZATION_LEVEL = 0;
				GCC_PREPROCESSOR_DEFINITIONS = (
					"DEBUG=1",
					"$(inherited)",
				);
				GCC_WARN_64_TO_32_BIT_CONVERSION = YES;
				GCC_WARN_ABOUT_RETURN_TYPE = YES_ERROR;
				GCC_WARN_UNDECLARED_SELECTOR = YES;
				GCC_WARN_UNINITIALIZED_AUTOS = YES_AGGRESSIVE;
				GCC_WARN_UNUSED_FUNCTION = YES;
				GCC_WARN_UNUSED_VARIABLE = YES;
				IPHONEOS_DEPLOYMENT_TARGET = 11.4;
				MTL_ENABLE_DEBUG_INFO = YES;
				ONLY_ACTIVE_ARCH = YES;
				SDKROOT = iphoneos;
				SWIFT_ACTIVE_COMPILATION_CONDITIONS = DEBUG;
				SWIFT_OPTIMIZATION_LEVEL = "-Onone";
			};
			name = Debug;
		};
		C269E2BB214B0DB9003AFDF7 /* Release */ = {
			isa = XCBuildConfiguration;
			buildSettings = {
				ALWAYS_SEARCH_USER_PATHS = NO;
				CLANG_ANALYZER_NONNULL = YES;
				CLANG_ANALYZER_NUMBER_OBJECT_CONVERSION = YES_AGGRESSIVE;
				CLANG_CXX_LANGUAGE_STANDARD = "gnu++14";
				CLANG_CXX_LIBRARY = "libc++";
				CLANG_ENABLE_MODULES = YES;
				CLANG_ENABLE_OBJC_ARC = YES;
				CLANG_ENABLE_OBJC_WEAK = YES;
				CLANG_WARN_BLOCK_CAPTURE_AUTORELEASING = YES;
				CLANG_WARN_BOOL_CONVERSION = YES;
				CLANG_WARN_COMMA = YES;
				CLANG_WARN_CONSTANT_CONVERSION = YES;
				CLANG_WARN_DEPRECATED_OBJC_IMPLEMENTATIONS = YES;
				CLANG_WARN_DIRECT_OBJC_ISA_USAGE = YES_ERROR;
				CLANG_WARN_DOCUMENTATION_COMMENTS = YES;
				CLANG_WARN_EMPTY_BODY = YES;
				CLANG_WARN_ENUM_CONVERSION = YES;
				CLANG_WARN_INFINITE_RECURSION = YES;
				CLANG_WARN_INT_CONVERSION = YES;
				CLANG_WARN_NON_LITERAL_NULL_CONVERSION = YES;
				CLANG_WARN_OBJC_IMPLICIT_RETAIN_SELF = YES;
				CLANG_WARN_OBJC_LITERAL_CONVERSION = YES;
				CLANG_WARN_OBJC_ROOT_CLASS = YES_ERROR;
				CLANG_WARN_RANGE_LOOP_ANALYSIS = YES;
				CLANG_WARN_STRICT_PROTOTYPES = YES;
				CLANG_WARN_SUSPICIOUS_MOVE = YES;
				CLANG_WARN_UNGUARDED_AVAILABILITY = YES_AGGRESSIVE;
				CLANG_WARN_UNREACHABLE_CODE = YES;
				CLANG_WARN__DUPLICATE_METHOD_MATCH = YES;
				CODE_SIGN_IDENTITY = "iPhone Developer";
				COPY_PHASE_STRIP = NO;
				DEBUG_INFORMATION_FORMAT = "dwarf-with-dsym";
				ENABLE_NS_ASSERTIONS = NO;
				ENABLE_STRICT_OBJC_MSGSEND = YES;
				GCC_C_LANGUAGE_STANDARD = gnu11;
				GCC_NO_COMMON_BLOCKS = YES;
				GCC_WARN_64_TO_32_BIT_CONVERSION = YES;
				GCC_WARN_ABOUT_RETURN_TYPE = YES_ERROR;
				GCC_WARN_UNDECLARED_SELECTOR = YES;
				GCC_WARN_UNINITIALIZED_AUTOS = YES_AGGRESSIVE;
				GCC_WARN_UNUSED_FUNCTION = YES;
				GCC_WARN_UNUSED_VARIABLE = YES;
				IPHONEOS_DEPLOYMENT_TARGET = 11.4;
				MTL_ENABLE_DEBUG_INFO = NO;
				SDKROOT = iphoneos;
				SWIFT_COMPILATION_MODE = wholemodule;
				SWIFT_OPTIMIZATION_LEVEL = "-O";
				VALIDATE_PRODUCT = YES;
			};
			name = Release;
		};
		C269E2BD214B0DB9003AFDF7 /* Debug */ = {
			isa = XCBuildConfiguration;
			buildSettings = {
				ASSETCATALOG_COMPILER_APPICON_NAME = AppIcon;
				CLANG_ENABLE_MODULES = YES;
				CODE_SIGN_STYLE = Automatic;
				INFOPLIST_FILE = SwiftObjc/Info.plist;
				LD_RUNPATH_SEARCH_PATHS = (
					"$(inherited)",
					"@executable_path/Frameworks",
				);
				PRODUCT_BUNDLE_IDENTIFIER = geraldobastos.SwiftObjc;
				PRODUCT_NAME = "$(TARGET_NAME)";
				SWIFT_OBJC_BRIDGING_HEADER = "SwiftObjc/SwiftObjc-Bridging-Header.h";
				SWIFT_OPTIMIZATION_LEVEL = "-Onone";
				SWIFT_VERSION = 4.0;
				TARGETED_DEVICE_FAMILY = "1,2";
			};
			name = Debug;
		};
		C269E2BE214B0DB9003AFDF7 /* Release */ = {
			isa = XCBuildConfiguration;
			buildSettings = {
				ASSETCATALOG_COMPILER_APPICON_NAME = AppIcon;
				CLANG_ENABLE_MODULES = YES;
				CODE_SIGN_STYLE = Automatic;
				INFOPLIST_FILE = SwiftObjc/Info.plist;
				LD_RUNPATH_SEARCH_PATHS = (
					"$(inherited)",
					"@executable_path/Frameworks",
				);
				PRODUCT_BUNDLE_IDENTIFIER = geraldobastos.SwiftObjc;
				PRODUCT_NAME = "$(TARGET_NAME)";
				SWIFT_OBJC_BRIDGING_HEADER = "SwiftObjc/SwiftObjc-Bridging-Header.h";
				SWIFT_VERSION = 4.0;
				TARGETED_DEVICE_FAMILY = "1,2";
			};
			name = Release;
		};
/* End XCBuildConfiguration section */

/* Begin XCConfigurationList section */
		C269E2A5214B0D9A003AFDF7 /* Build configuration list for PBXProject "SwiftObjc" */ = {
			isa = XCConfigurationList;
			buildConfigurations = (
				C269E2BA214B0DB8003AFDF7 /* Debug */,
				C269E2BB214B0DB9003AFDF7 /* Release */,
			);
			defaultConfigurationIsVisible = 0;
			defaultConfigurationName = Release;
		};
		C269E2BC214B0DB9003AFDF7 /* Build configuration list for PBXNativeTarget "SwiftObjc" */ = {
			isa = XCConfigurationList;
			buildConfigurations = (
				C269E2BD214B0DB9003AFDF7 /* Debug */,
				C269E2BE214B0DB9003AFDF7 /* Release */,
			);
			defaultConfigurationIsVisible = 0;
			defaultConfigurationName = Release;
		};
/* End XCConfigurationList section */
	};
	rootObject = C269E2A2214B0D99003AFDF7 /* Project object */;
}
